// !$*UTF8*$!
{
	archiveVersion = 1;
	classes = {
	};
	objectVersion = 46;
	objects = {

/* Begin PBXBuildFile section */
		D632D29018ED2EFB00A8092B /* Foundation.framework in Frameworks */ = {isa = PBXBuildFile; fileRef = D632D28F18ED2EFB00A8092B /* Foundation.framework */; };
		D632D29218ED2EFB00A8092B /* CoreGraphics.framework in Frameworks */ = {isa = PBXBuildFile; fileRef = D632D29118ED2EFB00A8092B /* CoreGraphics.framework */; };
		D632D29418ED2EFB00A8092B /* UIKit.framework in Frameworks */ = {isa = PBXBuildFile; fileRef = D632D29318ED2EFB00A8092B /* UIKit.framework */; };
		D632D29A18ED2EFB00A8092B /* InfoPlist.strings in Resources */ = {isa = PBXBuildFile; fileRef = D632D29818ED2EFB00A8092B /* InfoPlist.strings */; };
		D632D29C18ED2EFB00A8092B /* main.m in Sources */ = {isa = PBXBuildFile; fileRef = D632D29B18ED2EFB00A8092B /* main.m */; };
		D632D2A018ED2EFB00A8092B /* AppDelegate.m in Sources */ = {isa = PBXBuildFile; fileRef = D632D29F18ED2EFB00A8092B /* AppDelegate.m */; };
		D632D2A318ED2EFB00A8092B /* Main_iPhone.storyboard in Resources */ = {isa = PBXBuildFile; fileRef = D632D2A118ED2EFB00A8092B /* Main_iPhone.storyboard */; };
		D632D2A618ED2EFB00A8092B /* Main_iPad.storyboard in Resources */ = {isa = PBXBuildFile; fileRef = D632D2A418ED2EFB00A8092B /* Main_iPad.storyboard */; };
		D632D2A918ED2EFB00A8092B /* ViewController.m in Sources */ = {isa = PBXBuildFile; fileRef = D632D2A818ED2EFB00A8092B /* ViewController.m */; };
		D632D2AB18ED2EFB00A8092B /* Images.xcassets in Resources */ = {isa = PBXBuildFile; fileRef = D632D2AA18ED2EFB00A8092B /* Images.xcassets */; };
		D632D2B218ED2EFB00A8092B /* XCTest.framework in Frameworks */ = {isa = PBXBuildFile; fileRef = D632D2B118ED2EFB00A8092B /* XCTest.framework */; };
		D632D2B318ED2EFB00A8092B /* Foundation.framework in Frameworks */ = {isa = PBXBuildFile; fileRef = D632D28F18ED2EFB00A8092B /* Foundation.framework */; };
		D632D2B418ED2EFB00A8092B /* UIKit.framework in Frameworks */ = {isa = PBXBuildFile; fileRef = D632D29318ED2EFB00A8092B /* UIKit.framework */; };
		D632D2BC18ED2EFB00A8092B /* InfoPlist.strings in Resources */ = {isa = PBXBuildFile; fileRef = D632D2BA18ED2EFB00A8092B /* InfoPlist.strings */; };
		D632D2BE18ED2EFB00A8092B /* IntelCityBikeTests.m in Sources */ = {isa = PBXBuildFile; fileRef = D632D2BD18ED2EFB00A8092B /* IntelCityBikeTests.m */; };
		D632D2C818ED326B00A8092B /* MapKit.framework in Frameworks */ = {isa = PBXBuildFile; fileRef = D632D2C718ED326B00A8092B /* MapKit.framework */; };
		D6D71EBA18ED5C5500A7DB99 /* JSONKit.m in Sources */ = {isa = PBXBuildFile; fileRef = D6D71EB918ED5C5500A7DB99 /* JSONKit.m */; settings = {COMPILER_FLAGS = "-fno-objc-arc"; }; };
		D6D71EBD18ED5DAC00A7DB99 /* Bike.m in Sources */ = {isa = PBXBuildFile; fileRef = D6D71EBC18ED5DAC00A7DB99 /* Bike.m */; };
		D6D71EC018ED9D6400A7DB99 /* station.png in Resources */ = {isa = PBXBuildFile; fileRef = D6D71EBE18ED9D6400A7DB99 /* station.png */; };
		D6D71EC118ED9D6400A7DB99 /* station@2x.png in Resources */ = {isa = PBXBuildFile; fileRef = D6D71EBF18ED9D6400A7DB99 /* station@2x.png */; };
		D6EA5A5018ED44010083CDA1 /* BikeAnnotation.m in Sources */ = {isa = PBXBuildFile; fileRef = D6EA5A4F18ED44010083CDA1 /* BikeAnnotation.m */; };
		D6EA5A5318ED48340083CDA1 /* bike1.png in Resources */ = {isa = PBXBuildFile; fileRef = D6EA5A5218ED48340083CDA1 /* bike1.png */; };
		D6EA5A5518ED49B70083CDA1 /* bike1@2x.png in Resources */ = {isa = PBXBuildFile; fileRef = D6EA5A5418ED49B70083CDA1 /* bike1@2x.png */; };
		D6EA5A5818ED4B870083CDA1 /* BikeWebService.m in Sources */ = {isa = PBXBuildFile; fileRef = D6EA5A5718ED4B870083CDA1 /* BikeWebService.m */; };
/* End PBXBuildFile section */

/* Begin PBXContainerItemProxy section */
		D632D2B518ED2EFB00A8092B /* PBXContainerItemProxy */ = {
			isa = PBXContainerItemProxy;
			containerPortal = D632D28418ED2EFB00A8092B /* Project object */;
			proxyType = 1;
			remoteGlobalIDString = D632D28B18ED2EFB00A8092B;
			remoteInfo = IntelCityBike;
		};
/* End PBXContainerItemProxy section */

/* Begin PBXFileReference section */
		D632D28C18ED2EFB00A8092B /* IntelCityBike.app */ = {isa = PBXFileReference; explicitFileType = wrapper.application; includeInIndex = 0; path = IntelCityBike.app; sourceTree = BUILT_PRODUCTS_DIR; };
		D632D28F18ED2EFB00A8092B /* Foundation.framework */ = {isa = PBXFileReference; lastKnownFileType = wrapper.framework; name = Foundation.framework; path = System/Library/Frameworks/Foundation.framework; sourceTree = SDKROOT; };
		D632D29118ED2EFB00A8092B /* CoreGraphics.framework */ = {isa = PBXFileReference; lastKnownFileType = wrapper.framework; name = CoreGraphics.framework; path = System/Library/Frameworks/CoreGraphics.framework; sourceTree = SDKROOT; };
		D632D29318ED2EFB00A8092B /* UIKit.framework */ = {isa = PBXFileReference; lastKnownFileType = wrapper.framework; name = UIKit.framework; path = System/Library/Frameworks/UIKit.framework; sourceTree = SDKROOT; };
		D632D29718ED2EFB00A8092B /* IntelCityBike-Info.plist */ = {isa = PBXFileReference; lastKnownFileType = text.plist.xml; path = "IntelCityBike-Info.plist"; sourceTree = "<group>"; };
		D632D29918ED2EFB00A8092B /* en */ = {isa = PBXFileReference; lastKnownFileType = text.plist.strings; name = en; path = en.lproj/InfoPlist.strings; sourceTree = "<group>"; };
		D632D29B18ED2EFB00A8092B /* main.m */ = {isa = PBXFileReference; lastKnownFileType = sourcecode.c.objc; path = main.m; sourceTree = "<group>"; };
		D632D29D18ED2EFB00A8092B /* IntelCityBike-Prefix.pch */ = {isa = PBXFileReference; lastKnownFileType = sourcecode.c.h; path = "IntelCityBike-Prefix.pch"; sourceTree = "<group>"; };
		D632D29E18ED2EFB00A8092B /* AppDelegate.h */ = {isa = PBXFileReference; lastKnownFileType = sourcecode.c.h; path = AppDelegate.h; sourceTree = "<group>"; };
		D632D29F18ED2EFB00A8092B /* AppDelegate.m */ = {isa = PBXFileReference; lastKnownFileType = sourcecode.c.objc; path = AppDelegate.m; sourceTree = "<group>"; };
		D632D2A218ED2EFB00A8092B /* Base */ = {isa = PBXFileReference; lastKnownFileType = file.storyboard; name = Base; path = Base.lproj/Main_iPhone.storyboard; sourceTree = "<group>"; };
		D632D2A518ED2EFB00A8092B /* Base */ = {isa = PBXFileReference; lastKnownFileType = file.storyboard; name = Base; path = Base.lproj/Main_iPad.storyboard; sourceTree = "<group>"; };
		D632D2A718ED2EFB00A8092B /* ViewController.h */ = {isa = PBXFileReference; lastKnownFileType = sourcecode.c.h; path = ViewController.h; sourceTree = "<group>"; };
		D632D2A818ED2EFB00A8092B /* ViewController.m */ = {isa = PBXFileReference; lastKnownFileType = sourcecode.c.objc; path = ViewController.m; sourceTree = "<group>"; };
		D632D2AA18ED2EFB00A8092B /* Images.xcassets */ = {isa = PBXFileReference; lastKnownFileType = folder.assetcatalog; path = Images.xcassets; sourceTree = "<group>"; };
		D632D2B018ED2EFB00A8092B /* IntelCityBikeTests.xctest */ = {isa = PBXFileReference; explicitFileType = wrapper.cfbundle; includeInIndex = 0; path = IntelCityBikeTests.xctest; sourceTree = BUILT_PRODUCTS_DIR; };
		D632D2B118ED2EFB00A8092B /* XCTest.framework */ = {isa = PBXFileReference; lastKnownFileType = wrapper.framework; name = XCTest.framework; path = Library/Frameworks/XCTest.framework; sourceTree = DEVELOPER_DIR; };
		D632D2B918ED2EFB00A8092B /* IntelCityBikeTests-Info.plist */ = {isa = PBXFileReference; lastKnownFileType = text.plist.xml; path = "IntelCityBikeTests-Info.plist"; sourceTree = "<group>"; };
		D632D2BB18ED2EFB00A8092B /* en */ = {isa = PBXFileReference; lastKnownFileType = text.plist.strings; name = en; path = en.lproj/InfoPlist.strings; sourceTree = "<group>"; };
		D632D2BD18ED2EFB00A8092B /* IntelCityBikeTests.m */ = {isa = PBXFileReference; lastKnownFileType = sourcecode.c.objc; path = IntelCityBikeTests.m; sourceTree = "<group>"; };
		D632D2C718ED326B00A8092B /* MapKit.framework */ = {isa = PBXFileReference; lastKnownFileType = wrapper.framework; name = MapKit.framework; path = System/Library/Frameworks/MapKit.framework; sourceTree = SDKROOT; };
		D6D71EB818ED5C5500A7DB99 /* JSONKit.h */ = {isa = PBXFileReference; fileEncoding = 4; lastKnownFileType = sourcecode.c.h; path = JSONKit.h; sourceTree = "<group>"; };
		D6D71EB918ED5C5500A7DB99 /* JSONKit.m */ = {isa = PBXFileReference; fileEncoding = 4; lastKnownFileType = sourcecode.c.objc; path = JSONKit.m; sourceTree = "<group>"; };
		D6D71EBB18ED5DAC00A7DB99 /* Bike.h */ = {isa = PBXFileReference; fileEncoding = 4; lastKnownFileType = sourcecode.c.h; path = Bike.h; sourceTree = "<group>"; };
		D6D71EBC18ED5DAC00A7DB99 /* Bike.m */ = {isa = PBXFileReference; fileEncoding = 4; lastKnownFileType = sourcecode.c.objc; path = Bike.m; sourceTree = "<group>"; };
		D6D71EBE18ED9D6400A7DB99 /* station.png */ = {isa = PBXFileReference; lastKnownFileType = image.png; path = station.png; sourceTree = "<group>"; };
		D6D71EBF18ED9D6400A7DB99 /* station@2x.png */ = {isa = PBXFileReference; lastKnownFileType = image.png; path = "station@2x.png"; sourceTree = "<group>"; };
		D6EA5A4E18ED44010083CDA1 /* BikeAnnotation.h */ = {isa = PBXFileReference; fileEncoding = 4; lastKnownFileType = sourcecode.c.h; path = BikeAnnotation.h; sourceTree = "<group>"; };
		D6EA5A4F18ED44010083CDA1 /* BikeAnnotation.m */ = {isa = PBXFileReference; fileEncoding = 4; lastKnownFileType = sourcecode.c.objc; path = BikeAnnotation.m; sourceTree = "<group>"; };
		D6EA5A5218ED48340083CDA1 /* bike1.png */ = {isa = PBXFileReference; lastKnownFileType = image.png; path = bike1.png; sourceTree = "<group>"; };
		D6EA5A5418ED49B70083CDA1 /* bike1@2x.png */ = {isa = PBXFileReference; lastKnownFileType = image.png; path = "bike1@2x.png"; sourceTree = "<group>"; };
		D6EA5A5618ED4B870083CDA1 /* BikeWebService.h */ = {isa = PBXFileReference; fileEncoding = 4; lastKnownFileType = sourcecode.c.h; name = BikeWebService.h; path = WebService/BikeWebService.h; sourceTree = "<group>"; };
		D6EA5A5718ED4B870083CDA1 /* BikeWebService.m */ = {isa = PBXFileReference; fileEncoding = 4; lastKnownFileType = sourcecode.c.objc; name = BikeWebService.m; path = WebService/BikeWebService.m; sourceTree = "<group>"; };
/* End PBXFileReference section */

/* Begin PBXFrameworksBuildPhase section */
		D632D28918ED2EFB00A8092B /* Frameworks */ = {
			isa = PBXFrameworksBuildPhase;
			buildActionMask = 2147483647;
			files = (
				D632D29218ED2EFB00A8092B /* CoreGraphics.framework in Frameworks */,
				D632D29418ED2EFB00A8092B /* UIKit.framework in Frameworks */,
				D632D2C818ED326B00A8092B /* MapKit.framework in Frameworks */,
				D632D29018ED2EFB00A8092B /* Foundation.framework in Frameworks */,
			);
			runOnlyForDeploymentPostprocessing = 0;
		};
		D632D2AD18ED2EFB00A8092B /* Frameworks */ = {
			isa = PBXFrameworksBuildPhase;
			buildActionMask = 2147483647;
			files = (
				D632D2B218ED2EFB00A8092B /* XCTest.framework in Frameworks */,
				D632D2B418ED2EFB00A8092B /* UIKit.framework in Frameworks */,
				D632D2B318ED2EFB00A8092B /* Foundation.framework in Frameworks */,
			);
			runOnlyForDeploymentPostprocessing = 0;
		};
/* End PBXFrameworksBuildPhase section */

/* Begin PBXGroup section */
		D632D28318ED2EFB00A8092B = {
			isa = PBXGroup;
			children = (
				D632D29518ED2EFB00A8092B /* IntelCityBike */,
				D632D2B718ED2EFB00A8092B /* IntelCityBikeTests */,
				D632D28E18ED2EFB00A8092B /* Frameworks */,
				D632D28D18ED2EFB00A8092B /* Products */,
			);
			sourceTree = "<group>";
		};
		D632D28D18ED2EFB00A8092B /* Products */ = {
			isa = PBXGroup;
			children = (
				D632D28C18ED2EFB00A8092B /* IntelCityBike.app */,
				D632D2B018ED2EFB00A8092B /* IntelCityBikeTests.xctest */,
			);
			name = Products;
			sourceTree = "<group>";
		};
		D632D28E18ED2EFB00A8092B /* Frameworks */ = {
			isa = PBXGroup;
			children = (
				D632D2C718ED326B00A8092B /* MapKit.framework */,
				D632D28F18ED2EFB00A8092B /* Foundation.framework */,
				D632D29118ED2EFB00A8092B /* CoreGraphics.framework */,
				D632D29318ED2EFB00A8092B /* UIKit.framework */,
				D632D2B118ED2EFB00A8092B /* XCTest.framework */,
			);
			name = Frameworks;
			sourceTree = "<group>";
		};
		D632D29518ED2EFB00A8092B /* IntelCityBike */ = {
			isa = PBXGroup;
			children = (
				D6D71EB818ED5C5500A7DB99 /* JSONKit.h */,
				D6D71EB918ED5C5500A7DB99 /* JSONKit.m */,
				D632D29E18ED2EFB00A8092B /* AppDelegate.h */,
				D632D29F18ED2EFB00A8092B /* AppDelegate.m */,
				D632D2A118ED2EFB00A8092B /* Main_iPhone.storyboard */,
				D632D2A418ED2EFB00A8092B /* Main_iPad.storyboard */,
				D632D2A718ED2EFB00A8092B /* ViewController.h */,
				D632D2A818ED2EFB00A8092B /* ViewController.m */,
				D632D2AA18ED2EFB00A8092B /* Images.xcassets */,
				D632D29618ED2EFB00A8092B /* Supporting Files */,
				D6EA5A4E18ED44010083CDA1 /* BikeAnnotation.h */,
				D6EA5A4F18ED44010083CDA1 /* BikeAnnotation.m */,
				D6EA5A5618ED4B870083CDA1 /* BikeWebService.h */,
				D6EA5A5718ED4B870083CDA1 /* BikeWebService.m */,
				D6D71EBB18ED5DAC00A7DB99 /* Bike.h */,
				D6D71EBC18ED5DAC00A7DB99 /* Bike.m */,
			);
			path = IntelCityBike;
			sourceTree = "<group>";
		};
		D632D29618ED2EFB00A8092B /* Supporting Files */ = {
			isa = PBXGroup;
			children = (
				D6EA5A5118ED48340083CDA1 /* images */,
				D632D29718ED2EFB00A8092B /* IntelCityBike-Info.plist */,
				D632D29818ED2EFB00A8092B /* InfoPlist.strings */,
				D632D29B18ED2EFB00A8092B /* main.m */,
				D632D29D18ED2EFB00A8092B /* IntelCityBike-Prefix.pch */,
			);
			name = "Supporting Files";
			sourceTree = "<group>";
		};
		D632D2B718ED2EFB00A8092B /* IntelCityBikeTests */ = {
			isa = PBXGroup;
			children = (
				D632D2BD18ED2EFB00A8092B /* IntelCityBikeTests.m */,
				D632D2B818ED2EFB00A8092B /* Supporting Files */,
			);
			path = IntelCityBikeTests;
			sourceTree = "<group>";
		};
		D632D2B818ED2EFB00A8092B /* Supporting Files */ = {
			isa = PBXGroup;
			children = (
				D632D2B918ED2EFB00A8092B /* IntelCityBikeTests-Info.plist */,
				D632D2BA18ED2EFB00A8092B /* InfoPlist.strings */,
			);
			name = "Supporting Files";
			sourceTree = "<group>";
		};
		D6EA5A5118ED48340083CDA1 /* images */ = {
			isa = PBXGroup;
			children = (
				D6D71EBE18ED9D6400A7DB99 /* station.png */,
				D6D71EBF18ED9D6400A7DB99 /* station@2x.png */,
				D6EA5A5418ED49B70083CDA1 /* bike1@2x.png */,
				D6EA5A5218ED48340083CDA1 /* bike1.png */,
			);
			path = images;
			sourceTree = "<group>";
		};
/* End PBXGroup section */

/* Begin PBXNativeTarget section */
		D632D28B18ED2EFB00A8092B /* IntelCityBike */ = {
			isa = PBXNativeTarget;
			buildConfigurationList = D632D2C118ED2EFB00A8092B /* Build configuration list for PBXNativeTarget "IntelCityBike" */;
			buildPhases = (
				D632D28818ED2EFB00A8092B /* Sources */,
				D632D28918ED2EFB00A8092B /* Frameworks */,
				D632D28A18ED2EFB00A8092B /* Resources */,
			);
			buildRules = (
			);
			dependencies = (
			);
			name = IntelCityBike;
			productName = IntelCityBike;
			productReference = D632D28C18ED2EFB00A8092B /* IntelCityBike.app */;
			productType = "com.apple.product-type.application";
		};
		D632D2AF18ED2EFB00A8092B /* IntelCityBikeTests */ = {
			isa = PBXNativeTarget;
			buildConfigurationList = D632D2C418ED2EFB00A8092B /* Build configuration list for PBXNativeTarget "IntelCityBikeTests" */;
			buildPhases = (
				D632D2AC18ED2EFB00A8092B /* Sources */,
				D632D2AD18ED2EFB00A8092B /* Frameworks */,
				D632D2AE18ED2EFB00A8092B /* Resources */,
			);
			buildRules = (
			);
			dependencies = (
				D632D2B618ED2EFB00A8092B /* PBXTargetDependency */,
			);
			name = IntelCityBikeTests;
			productName = IntelCityBikeTests;
			productReference = D632D2B018ED2EFB00A8092B /* IntelCityBikeTests.xctest */;
			productType = "com.apple.product-type.bundle.unit-test";
		};
/* End PBXNativeTarget section */

/* Begin PBXProject section */
		D632D28418ED2EFB00A8092B /* Project object */ = {
			isa = PBXProject;
			attributes = {
				LastUpgradeCheck = 0510;
				ORGANIZATIONNAME = Intel;
				TargetAttributes = {
					D632D28B18ED2EFB00A8092B = {
						DevelopmentTeam = 2RDTC8A87T;
						SystemCapabilities = {
							com.apple.BackgroundModes = {
								enabled = 1;
							};
							com.apple.iOS = {
								enabled = 1;
							};
						};
					};
					D632D2AF18ED2EFB00A8092B = {
						TestTargetID = D632D28B18ED2EFB00A8092B;
					};
				};
			};
			buildConfigurationList = D632D28718ED2EFB00A8092B /* Build configuration list for PBXProject "IntelCityBike" */;
			compatibilityVersion = "Xcode 3.2";
			developmentRegion = English;
			hasScannedForEncodings = 0;
			knownRegions = (
				en,
				Base,
			);
			mainGroup = D632D28318ED2EFB00A8092B;
			productRefGroup = D632D28D18ED2EFB00A8092B /* Products */;
			projectDirPath = "";
			projectRoot = "";
			targets = (
				D632D28B18ED2EFB00A8092B /* IntelCityBike */,
				D632D2AF18ED2EFB00A8092B /* IntelCityBikeTests */,
			);
		};
/* End PBXProject section */

/* Begin PBXResourcesBuildPhase section */
		D632D28A18ED2EFB00A8092B /* Resources */ = {
			isa = PBXResourcesBuildPhase;
			buildActionMask = 2147483647;
			files = (
				D6EA5A5318ED48340083CDA1 /* bike1.png in Resources */,
				D632D2A618ED2EFB00A8092B /* Main_iPad.storyboard in Resources */,
				D632D2AB18ED2EFB00A8092B /* Images.xcassets in Resources */,
				D6EA5A5518ED49B70083CDA1 /* bike1@2x.png in Resources */,
				D6D71EC018ED9D6400A7DB99 /* station.png in Resources */,
				D6D71EC118ED9D6400A7DB99 /* station@2x.png in Resources */,
				D632D2A318ED2EFB00A8092B /* Main_iPhone.storyboard in Resources */,
				D632D29A18ED2EFB00A8092B /* InfoPlist.strings in Resources */,
			);
			runOnlyForDeploymentPostprocessing = 0;
		};
		D632D2AE18ED2EFB00A8092B /* Resources */ = {
			isa = PBXResourcesBuildPhase;
			buildActionMask = 2147483647;
			files = (
				D632D2BC18ED2EFB00A8092B /* InfoPlist.strings in Resources */,
			);
			runOnlyForDeploymentPostprocessing = 0;
		};
/* End PBXResourcesBuildPhase section */

/* Begin PBXSourcesBuildPhase section */
		D632D28818ED2EFB00A8092B /* Sources */ = {
			isa = PBXSourcesBuildPhase;
			buildActionMask = 2147483647;
			files = (
				D632D2A918ED2EFB00A8092B /* ViewController.m in Sources */,
				D6EA5A5818ED4B870083CDA1 /* BikeWebService.m in Sources */,
				D6D71EBA18ED5C5500A7DB99 /* JSONKit.m in Sources */,
				D6EA5A5018ED44010083CDA1 /* BikeAnnotation.m in Sources */,
				D6D71EBD18ED5DAC00A7DB99 /* Bike.m in Sources */,
				D632D2A018ED2EFB00A8092B /* AppDelegate.m in Sources */,
				D632D29C18ED2EFB00A8092B /* main.m in Sources */,
			);
			runOnlyForDeploymentPostprocessing = 0;
		};
		D632D2AC18ED2EFB00A8092B /* Sources */ = {
			isa = PBXSourcesBuildPhase;
			buildActionMask = 2147483647;
			files = (
				D632D2BE18ED2EFB00A8092B /* IntelCityBikeTests.m in Sources */,
			);
			runOnlyForDeploymentPostprocessing = 0;
		};
/* End PBXSourcesBuildPhase section */

/* Begin PBXTargetDependency section */
		D632D2B618ED2EFB00A8092B /* PBXTargetDependency */ = {
			isa = PBXTargetDependency;
			target = D632D28B18ED2EFB00A8092B /* IntelCityBike */;
			targetProxy = D632D2B518ED2EFB00A8092B /* PBXContainerItemProxy */;
		};
/* End PBXTargetDependency section */

/* Begin PBXVariantGroup section */
		D632D29818ED2EFB00A8092B /* InfoPlist.strings */ = {
			isa = PBXVariantGroup;
			children = (
				D632D29918ED2EFB00A8092B /* en */,
			);
			name = InfoPlist.strings;
			sourceTree = "<group>";
		};
		D632D2A118ED2EFB00A8092B /* Main_iPhone.storyboard */ = {
			isa = PBXVariantGroup;
			children = (
				D632D2A218ED2EFB00A8092B /* Base */,
			);
			name = Main_iPhone.storyboard;
			sourceTree = "<group>";
		};
		D632D2A418ED2EFB00A8092B /* Main_iPad.storyboard */ = {
			isa = PBXVariantGroup;
			children = (
				D632D2A518ED2EFB00A8092B /* Base */,
			);
			name = Main_iPad.storyboard;
			sourceTree = "<group>";
		};
		D632D2BA18ED2EFB00A8092B /* InfoPlist.strings */ = {
			isa = PBXVariantGroup;
			children = (
				D632D2BB18ED2EFB00A8092B /* en */,
			);
			name = InfoPlist.strings;
			sourceTree = "<group>";
		};
/* End PBXVariantGroup section */

/* Begin XCBuildConfiguration section */
		D632D2BF18ED2EFB00A8092B /* Debug */ = {
			isa = XCBuildConfiguration;
			buildSettings = {
				ALWAYS_SEARCH_USER_PATHS = NO;
				CLANG_CXX_LANGUAGE_STANDARD = "gnu++0x";
				CLANG_CXX_LIBRARY = "libc++";
				CLANG_ENABLE_MODULES = YES;
				CLANG_ENABLE_OBJC_ARC = YES;
				CLANG_WARN_BOOL_CONVERSION = YES;
				CLANG_WARN_CONSTANT_CONVERSION = YES;
				CLANG_WARN_DIRECT_OBJC_ISA_USAGE = YES_ERROR;
				CLANG_WARN_EMPTY_BODY = YES;
				CLANG_WARN_ENUM_CONVERSION = YES;
				CLANG_WARN_INT_CONVERSION = YES;
				CLANG_WARN_OBJC_ROOT_CLASS = YES_ERROR;
				CLANG_WARN__DUPLICATE_METHOD_MATCH = YES;
				CODE_SIGN_IDENTITY = "iPhone Developer";
				"CODE_SIGN_IDENTITY[sdk=iphoneos*]" = "iPhone Developer";
				COPY_PHASE_STRIP = NO;
				GCC_C_LANGUAGE_STANDARD = gnu99;
				GCC_DYNAMIC_NO_PIC = NO;
				GCC_OPTIMIZATION_LEVEL = 0;
				GCC_PREPROCESSOR_DEFINITIONS = (
					"DEBUG=1",
					"$(inherited)",
				);
				GCC_SYMBOLS_PRIVATE_EXTERN = NO;
				GCC_WARN_64_TO_32_BIT_CONVERSION = YES;
				GCC_WARN_ABOUT_RETURN_TYPE = YES_ERROR;
				GCC_WARN_UNDECLARED_SELECTOR = YES;
				GCC_WARN_UNINITIALIZED_AUTOS = YES_AGGRESSIVE;
				GCC_WARN_UNUSED_FUNCTION = YES;
				GCC_WARN_UNUSED_VARIABLE = YES;
				IPHONEOS_DEPLOYMENT_TARGET = 6.0;
				ONLY_ACTIVE_ARCH = YES;
				SDKROOT = iphoneos;
				TARGETED_DEVICE_FAMILY = "1,2";
			};
			name = Debug;
		};
		D632D2C018ED2EFB00A8092B /* Release */ = {
			isa = XCBuildConfiguration;
			buildSettings = {
				ALWAYS_SEARCH_USER_PATHS = NO;
				CLANG_CXX_LANGUAGE_STANDARD = "gnu++0x";
				CLANG_CXX_LIBRARY = "libc++";
				CLANG_ENABLE_MODULES = YES;
				CLANG_ENABLE_OBJC_ARC = YES;
				CLANG_WARN_BOOL_CONVERSION = YES;
				CLANG_WARN_CONSTANT_CONVERSION = YES;
				CLANG_WARN_DIRECT_OBJC_ISA_USAGE = YES_ERROR;
				CLANG_WARN_EMPTY_BODY = YES;
				CLANG_WARN_ENUM_CONVERSION = YES;
				CLANG_WARN_INT_CONVERSION = YES;
				CLANG_WARN_OBJC_ROOT_CLASS = YES_ERROR;
				CLANG_WARN__DUPLICATE_METHOD_MATCH = YES;
				CODE_SIGN_IDENTITY = "iPhone Developer";
				"CODE_SIGN_IDENTITY[sdk=iphoneos*]" = "iPhone Developer";
				COPY_PHASE_STRIP = YES;
				ENABLE_NS_ASSERTIONS = NO;
				GCC_C_LANGUAGE_STANDARD = gnu99;
				GCC_WARN_64_TO_32_BIT_CONVERSION = YES;
				GCC_WARN_ABOUT_RETURN_TYPE = YES_ERROR;
				GCC_WARN_UNDECLARED_SELECTOR = YES;
				GCC_WARN_UNINITIALIZED_AUTOS = YES_AGGRESSIVE;
				GCC_WARN_UNUSED_FUNCTION = YES;
				GCC_WARN_UNUSED_VARIABLE = YES;
				IPHONEOS_DEPLOYMENT_TARGET = 6.0;
				SDKROOT = iphoneos;
				TARGETED_DEVICE_FAMILY = "1,2";
				VALIDATE_PRODUCT = YES;
			};
			name = Release;
		};
		D632D2C218ED2EFB00A8092B /* Debug */ = {
			isa = XCBuildConfiguration;
			buildSettings = {
				ASSETCATALOG_COMPILER_APPICON_NAME = AppIcon;
				ASSETCATALOG_COMPILER_LAUNCHIMAGE_NAME = LaunchImage;
				CODE_SIGN_IDENTITY = "iPhone Developer";
				"CODE_SIGN_IDENTITY[sdk=iphoneos*]" = "iPhone Developer";
				GCC_PRECOMPILE_PREFIX_HEADER = YES;
				GCC_PREFIX_HEADER = "IntelCityBike/IntelCityBike-Prefix.pch";
				INFOPLIST_FILE = "IntelCityBike/IntelCityBike-Info.plist";
				IPHONEOS_DEPLOYMENT_TARGET = 6.0;
				PRODUCT_NAME = "$(TARGET_NAME)";
				PROVISIONING_PROFILE = "";
				WRAPPER_EXTENSION = app;
			};
			name = Debug;
		};
		D632D2C318ED2EFB00A8092B /* Release */ = {
			isa = XCBuildConfiguration;
			buildSettings = {
				ASSETCATALOG_COMPILER_APPICON_NAME = AppIcon;
				ASSETCATALOG_COMPILER_LAUNCHIMAGE_NAME = LaunchImage;
				CODE_SIGN_IDENTITY = "iPhone Developer";
				"CODE_SIGN_IDENTITY[sdk=iphoneos*]" = "iPhone Developer";
				GCC_PRECOMPILE_PREFIX_HEADER = YES;
				GCC_PREFIX_HEADER = "IntelCityBike/IntelCityBike-Prefix.pch";
				INFOPLIST_FILE = "IntelCityBike/IntelCityBike-Info.plist";
				IPHONEOS_DEPLOYMENT_TARGET = 6.0;
				PRODUCT_NAME = "$(TARGET_NAME)";
				PROVISIONING_PROFILE = "";
				WRAPPER_EXTENSION = app;
			};
			name = Release;
		};
		D632D2C518ED2EFB00A8092B /* Debug */ = {
			isa = XCBuildConfiguration;
			buildSettings = {
				BUNDLE_LOADER = "$(BUILT_PRODUCTS_DIR)/IntelCityBike.app/IntelCityBike";
				FRAMEWORK_SEARCH_PATHS = (
					"$(SDKROOT)/Developer/Library/Frameworks",
					"$(inherited)",
					"$(DEVELOPER_FRAMEWORKS_DIR)",
				);
				GCC_PRECOMPILE_PREFIX_HEADER = YES;
				GCC_PREFIX_HEADER = "IntelCityBike/IntelCityBike-Prefix.pch";
				GCC_PREPROCESSOR_DEFINITIONS = (
					"DEBUG=1",
					"$(inherited)",
				);
				INFOPLIST_FILE = "IntelCityBikeTests/IntelCityBikeTests-Info.plist";
				PRODUCT_NAME = "$(TARGET_NAME)";
				TEST_HOST = "$(BUNDLE_LOADER)";
				WRAPPER_EXTENSION = xctest;
			};
			name = Debug;
		};
		D632D2C618ED2EFB00A8092B /* Release */ = {
			isa = XCBuildConfiguration;
			buildSettings = {
				BUNDLE_LOADER = "$(BUILT_PRODUCTS_DIR)/IntelCityBike.app/IntelCityBike";
				FRAMEWORK_SEARCH_PATHS = (
					"$(SDKROOT)/Developer/Library/Frameworks",
					"$(inherited)",
					"$(DEVELOPER_FRAMEWORKS_DIR)",
				);
				GCC_PRECOMPILE_PREFIX_HEADER = YES;
				GCC_PREFIX_HEADER = "IntelCityBike/IntelCityBike-Prefix.pch";
				INFOPLIST_FILE = "IntelCityBikeTests/IntelCityBikeTests-Info.plist";
				PRODUCT_NAME = "$(TARGET_NAME)";
				TEST_HOST = "$(BUNDLE_LOADER)";
				WRAPPER_EXTENSION = xctest;
			};
			name = Release;
		};
/* End XCBuildConfiguration section */

/* Begin XCConfigurationList section */
		D632D28718ED2EFB00A8092B /* Build configuration list for PBXProject "IntelCityBike" */ = {
			isa = XCConfigurationList;
			buildConfigurations = (
				D632D2BF18ED2EFB00A8092B /* Debug */,
				D632D2C018ED2EFB00A8092B /* Release */,
			);
			defaultConfigurationIsVisible = 0;
			defaultConfigurationName = Release;
		};
		D632D2C118ED2EFB00A8092B /* Build configuration list for PBXNativeTarget "IntelCityBike" */ = {
			isa = XCConfigurationList;
			buildConfigurations = (
				D632D2C218ED2EFB00A8092B /* Debug */,
				D632D2C318ED2EFB00A8092B /* Release */,
			);
			defaultConfigurationIsVisible = 0;
			defaultConfigurationName = Release;
		};
		D632D2C418ED2EFB00A8092B /* Build configuration list for PBXNativeTarget "IntelCityBikeTests" */ = {
			isa = XCConfigurationList;
			buildConfigurations = (
				D632D2C518ED2EFB00A8092B /* Debug */,
				D632D2C618ED2EFB00A8092B /* Release */,
			);
			defaultConfigurationIsVisible = 0;
			defaultConfigurationName = Release;
		};
/* End XCConfigurationList section */
	};
	rootObject = D632D28418ED2EFB00A8092B /* Project object */;
}
